
Microsoft Visual Studio Solution File, Format Version 12.00
# Visual Studio Version 17
VisualStudioVersion = 17.4.33205.214
MinimumVisualStudioVersion = 10.0.40219.1
Project("{9A19103F-16F7-4668-BE54-9A1E7A4F7556}") = "UniversalDataProcessorApi", "src\UniversalDataProcessorApi\UniversalDataProcessorApi.csproj", "{C315AE04-44EB-4B03-A0B0-DE729E4F5A6A}"
EndProject
Project("{9A19103F-16F7-4668-BE54-9A1E7A4F7556}") = "UniversalDataProcessorService", "src\UniversalDataProcessorService\UniversalDataProcessorService.csproj", "{C0369083-FB9C-4921-A63D-D0B50F9B8A33}"
EndProject
Global
	GlobalSection(SolutionConfigurationPlatforms) = preSolution
		Debug|Any CPU = Debug|Any CPU
		Release|Any CPU = Release|Any CPU
	EndGlobalSection
	GlobalSection(ProjectConfigurationPlatforms) = postSolution
		{C315AE04-44EB-4B03-A0B0-DE729E4F5A6A}.Debug|Any CPU.ActiveCfg = Debug|Any CPU
		{C315AE04-44EB-4B03-A0B0-DE729E4F5A6A}.Debug|Any CPU.Build.0 = Debug|Any CPU
		{C315AE04-44EB-4B03-A0B0-DE729E4F5A6A}.Release|Any CPU.ActiveCfg = Release|Any CPU
		{C315AE04-44EB-4B03-A0B0-DE729E4F5A6A}.Release|Any CPU.Build.0 = Release|Any CPU
		{C0369083-FB9C-4921-A63D-D0B50F9B8A33}.Debug|Any CPU.ActiveCfg = Debug|Any CPU
		{C0369083-FB9C-4921-A63D-D0B50F9B8A33}.Debug|Any CPU.Build.0 = Debug|Any CPU
		{C0369083-FB9C-4921-A63D-D0B50F9B8A33}.Release|Any CPU.ActiveCfg = Release|Any CPU
		{C0369083-FB9C-4921-A63D-D0B50F9B8A33}.Release|Any CPU.Build.0 = Release|Any CPU
	EndGlobalSection
	GlobalSection(SolutionProperties) = preSolution
		HideSolutionNode = FALSE
	EndGlobalSection
	GlobalSection(ExtensibilityGlobals) = postSolution
		SolutionGuid = {68ABA555-D33C-4817-A432-3669361BD520}
	EndGlobalSection
EndGlobal
