
Microsoft Visual Studio Solution File, Format Version 12.00
# Visual Studio Version 17
VisualStudioVersion = 17.4.33205.214
MinimumVisualStudioVersion = 10.0.40219.1
Project("{9A19103F-16F7-4668-BE54-9A1E7A4F7556}") = "UniversalDataProcessorService", "src\UniversalDataProcessorService\UniversalDataProcessorService.csproj", "{C0369083-FB9C-4921-A63D-D0B50F9B8A33}"
EndProject
Project("{9A19103F-16F7-4668-BE54-9A1E7A4F7556}") = "UniversalDataProcessorModel", "src\UniversalDataProcessorModel\UniversalDataProcessorModel.csproj", "{E5C84401-84F5-41FF-8242-2BCDCDF7EAF7}"
EndProject
Project("{9A19103F-16F7-4668-BE54-9A1E7A4F7556}") = "UniversalDataProcessorTestFixture", "src\UniversalDataProcessorTestFixture\UniversalDataProcessorTestFixture.csproj", "{F01824CC-691B-4D43-99F7-C04066ABB16F}"
EndProject
Project("{9A19103F-16F7-4668-BE54-9A1E7A4F7556}") = "UniversalDataProcessorConsole", "src\UniversalDataProcessorConsole\UniversalDataProcessorConsole.csproj", "{820836FF-3F94-4279-B57E-92AB112BC6AA}"
EndProject
Project("{9A19103F-16F7-4668-BE54-9A1E7A4F7556}") = "UniversalDataProcessorDataFramework", "src\UniversalDataProcessorDataFramework\UniversalDataProcessorDataFramework.csproj", "{7C42DBAA-9521-4E04-9236-DD82B6C751AB}"
EndProject
Global
	GlobalSection(SolutionConfigurationPlatforms) = preSolution
		Debug|Any CPU = Debug|Any CPU
		Release|Any CPU = Release|Any CPU
	EndGlobalSection
	GlobalSection(ProjectConfigurationPlatforms) = postSolution
		{C0369083-FB9C-4921-A63D-D0B50F9B8A33}.Debug|Any CPU.ActiveCfg = Debug|Any CPU
		{C0369083-FB9C-4921-A63D-D0B50F9B8A33}.Debug|Any CPU.Build.0 = Debug|Any CPU
		{C0369083-FB9C-4921-A63D-D0B50F9B8A33}.Release|Any CPU.ActiveCfg = Release|Any CPU
		{C0369083-FB9C-4921-A63D-D0B50F9B8A33}.Release|Any CPU.Build.0 = Release|Any CPU
		{E5C84401-84F5-41FF-8242-2BCDCDF7EAF7}.Debug|Any CPU.ActiveCfg = Debug|Any CPU
		{E5C84401-84F5-41FF-8242-2BCDCDF7EAF7}.Debug|Any CPU.Build.0 = Debug|Any CPU
		{E5C84401-84F5-41FF-8242-2BCDCDF7EAF7}.Release|Any CPU.ActiveCfg = Release|Any CPU
		{E5C84401-84F5-41FF-8242-2BCDCDF7EAF7}.Release|Any CPU.Build.0 = Release|Any CPU
		{F01824CC-691B-4D43-99F7-C04066ABB16F}.Debug|Any CPU.ActiveCfg = Debug|Any CPU
		{F01824CC-691B-4D43-99F7-C04066ABB16F}.Debug|Any CPU.Build.0 = Debug|Any CPU
		{F01824CC-691B-4D43-99F7-C04066ABB16F}.Release|Any CPU.ActiveCfg = Release|Any CPU
		{F01824CC-691B-4D43-99F7-C04066ABB16F}.Release|Any CPU.Build.0 = Release|Any CPU
		{820836FF-3F94-4279-B57E-92AB112BC6AA}.Debug|Any CPU.ActiveCfg = Debug|Any CPU
		{820836FF-3F94-4279-B57E-92AB112BC6AA}.Debug|Any CPU.Build.0 = Debug|Any CPU
		{820836FF-3F94-4279-B57E-92AB112BC6AA}.Release|Any CPU.ActiveCfg = Release|Any CPU
		{820836FF-3F94-4279-B57E-92AB112BC6AA}.Release|Any CPU.Build.0 = Release|Any CPU
		{7C42DBAA-9521-4E04-9236-DD82B6C751AB}.Debug|Any CPU.ActiveCfg = Debug|Any CPU
		{7C42DBAA-9521-4E04-9236-DD82B6C751AB}.Debug|Any CPU.Build.0 = Debug|Any CPU
		{7C42DBAA-9521-4E04-9236-DD82B6C751AB}.Release|Any CPU.ActiveCfg = Release|Any CPU
		{7C42DBAA-9521-4E04-9236-DD82B6C751AB}.Release|Any CPU.Build.0 = Release|Any CPU
	EndGlobalSection
	GlobalSection(SolutionProperties) = preSolution
		HideSolutionNode = FALSE
	EndGlobalSection
	GlobalSection(ExtensibilityGlobals) = postSolution
		SolutionGuid = {68ABA555-D33C-4817-A432-3669361BD520}
	EndGlobalSection
EndGlobal
